
Microsoft Visual Studio Solution File, Format Version 12.00
Project("{FAE04EC0-301F-11D3-BF4B-00C04F79EFBC}") = "Task2", "Task2\Task2.csproj", "{7980B4CF-AB2C-4912-ABDB-5274FA810814}"
EndProject
Project("{FAE04EC0-301F-11D3-BF4B-00C04F79EFBC}") = "Task1", "Task1\Task1.csproj", "{55F40ECA-0E69-4B83-BEA2-960C7D02D9F5}"
EndProject
Global
	GlobalSection(SolutionConfigurationPlatforms) = preSolution
		Debug|Any CPU = Debug|Any CPU
		Release|Any CPU = Release|Any CPU
	EndGlobalSection
	GlobalSection(ProjectConfigurationPlatforms) = postSolution
		{7980B4CF-AB2C-4912-ABDB-5274FA810814}.Debug|Any CPU.ActiveCfg = Debug|Any CPU
		{7980B4CF-AB2C-4912-ABDB-5274FA810814}.Debug|Any CPU.Build.0 = Debug|Any CPU
		{7980B4CF-AB2C-4912-ABDB-5274FA810814}.Release|Any CPU.ActiveCfg = Release|Any CPU
		{7980B4CF-AB2C-4912-ABDB-5274FA810814}.Release|Any CPU.Build.0 = Release|Any CPU
		{55F40ECA-0E69-4B83-BEA2-960C7D02D9F5}.Debug|Any CPU.ActiveCfg = Debug|Any CPU
		{55F40ECA-0E69-4B83-BEA2-960C7D02D9F5}.Debug|Any CPU.Build.0 = Debug|Any CPU
		{55F40ECA-0E69-4B83-BEA2-960C7D02D9F5}.Release|Any CPU.ActiveCfg = Release|Any CPU
		{55F40ECA-0E69-4B83-BEA2-960C7D02D9F5}.Release|Any CPU.Build.0 = Release|Any CPU
	EndGlobalSection
EndGlobal
